// !$*UTF8*$!
{
	archiveVersion = 1;
	classes = {
	};
	objectVersion = 50;
	objects = {

/* Begin PBXBuildFile section */
		7871D459246077A900C9D502 /* AppDelegate.swift in Sources */ = {isa = PBXBuildFile; fileRef = 7871D458246077A900C9D502 /* AppDelegate.swift */; };
		7871D45B246077A900C9D502 /* SceneDelegate.swift in Sources */ = {isa = PBXBuildFile; fileRef = 7871D45A246077A900C9D502 /* SceneDelegate.swift */; };
		7871D460246077A900C9D502 /* Main.storyboard in Resources */ = {isa = PBXBuildFile; fileRef = 7871D45E246077A900C9D502 /* Main.storyboard */; };
		7871D462246077AA00C9D502 /* Assets.xcassets in Resources */ = {isa = PBXBuildFile; fileRef = 7871D461246077AA00C9D502 /* Assets.xcassets */; };
		7871D465246077AA00C9D502 /* LaunchScreen.storyboard in Resources */ = {isa = PBXBuildFile; fileRef = 7871D463246077AA00C9D502 /* LaunchScreen.storyboard */; };
		7871D4782460798400C9D502 /* State.swift in Sources */ = {isa = PBXBuildFile; fileRef = 7871D4772460798400C9D502 /* State.swift */; };
		7871D47D246080C500C9D502 /* StateHelper.swift in Sources */ = {isa = PBXBuildFile; fileRef = 7871D47C246080C500C9D502 /* StateHelper.swift */; };
		7871D47F246081CD00C9D502 /* StateController.swift in Sources */ = {isa = PBXBuildFile; fileRef = 7871D47E246081CD00C9D502 /* StateController.swift */; };
/* End PBXBuildFile section */

/* Begin PBXFileReference section */
		7871D455246077A900C9D502 /* StateFlagsSwift.app */ = {isa = PBXFileReference; explicitFileType = wrapper.application; includeInIndex = 0; path = StateFlagsSwift.app; sourceTree = BUILT_PRODUCTS_DIR; };
		7871D458246077A900C9D502 /* AppDelegate.swift */ = {isa = PBXFileReference; lastKnownFileType = sourcecode.swift; path = AppDelegate.swift; sourceTree = "<group>"; };
		7871D45A246077A900C9D502 /* SceneDelegate.swift */ = {isa = PBXFileReference; lastKnownFileType = sourcecode.swift; path = SceneDelegate.swift; sourceTree = "<group>"; };
		7871D45F246077A900C9D502 /* Base */ = {isa = PBXFileReference; lastKnownFileType = file.storyboard; name = Base; path = Base.lproj/Main.storyboard; sourceTree = "<group>"; };
		7871D461246077AA00C9D502 /* Assets.xcassets */ = {isa = PBXFileReference; lastKnownFileType = folder.assetcatalog; path = Assets.xcassets; sourceTree = "<group>"; };
		7871D464246077AA00C9D502 /* Base */ = {isa = PBXFileReference; lastKnownFileType = file.storyboard; name = Base; path = Base.lproj/LaunchScreen.storyboard; sourceTree = "<group>"; };
		7871D466246077AA00C9D502 /* Info.plist */ = {isa = PBXFileReference; lastKnownFileType = text.plist.xml; path = Info.plist; sourceTree = "<group>"; };
		7871D4772460798400C9D502 /* State.swift */ = {isa = PBXFileReference; lastKnownFileType = sourcecode.swift; path = State.swift; sourceTree = "<group>"; };
		7871D47C246080C500C9D502 /* StateHelper.swift */ = {isa = PBXFileReference; lastKnownFileType = sourcecode.swift; path = StateHelper.swift; sourceTree = "<group>"; };
		7871D47E246081CD00C9D502 /* StateController.swift */ = {isa = PBXFileReference; lastKnownFileType = sourcecode.swift; path = StateController.swift; sourceTree = "<group>"; };
/* End PBXFileReference section */

/* Begin PBXFrameworksBuildPhase section */
		7871D452246077A900C9D502 /* Frameworks */ = {
			isa = PBXFrameworksBuildPhase;
			buildActionMask = 2147483647;
			files = (
			);
			runOnlyForDeploymentPostprocessing = 0;
		};
/* End PBXFrameworksBuildPhase section */

/* Begin PBXGroup section */
		7871D44C246077A900C9D502 = {
			isa = PBXGroup;
			children = (
				7871D457246077A900C9D502 /* StateFlagsSwift */,
				7871D456246077A900C9D502 /* Products */,
			);
			sourceTree = "<group>";
		};
		7871D456246077A900C9D502 /* Products */ = {
			isa = PBXGroup;
			children = (
				7871D455246077A900C9D502 /* StateFlagsSwift.app */,
			);
			name = Products;
			sourceTree = "<group>";
		};
		7871D457246077A900C9D502 /* StateFlagsSwift */ = {
			isa = PBXGroup;
			children = (
				7871D4732460787000C9D502 /* Helpers */,
				7871D46F246077DC00C9D502 /* Controllers */,
				7871D46E246077D300C9D502 /* Model */,
				7871D46D246077CD00C9D502 /* View */,
				7871D46C246077B200C9D502 /* Resources */,
			);
			path = StateFlagsSwift;
			sourceTree = "<group>";
		};
		7871D46C246077B200C9D502 /* Resources */ = {
			isa = PBXGroup;
			children = (
				7871D458246077A900C9D502 /* AppDelegate.swift */,
				7871D45A246077A900C9D502 /* SceneDelegate.swift */,
				7871D461246077AA00C9D502 /* Assets.xcassets */,
				7871D463246077AA00C9D502 /* LaunchScreen.storyboard */,
				7871D466246077AA00C9D502 /* Info.plist */,
			);
			path = Resources;
			sourceTree = "<group>";
		};
		7871D46D246077CD00C9D502 /* View */ = {
			isa = PBXGroup;
			children = (
				7871D45E246077A900C9D502 /* Main.storyboard */,
			);
			path = View;
			sourceTree = "<group>";
		};
		7871D46E246077D300C9D502 /* Model */ = {
			isa = PBXGroup;
			children = (
				7871D4772460798400C9D502 /* State.swift */,
			);
			path = Model;
			sourceTree = "<group>";
		};
		7871D46F246077DC00C9D502 /* Controllers */ = {
			isa = PBXGroup;
			children = (
				7871D471246077EB00C9D502 /* Model Controller */,
				7871D470246077E300C9D502 /* View Controller */,
			);
			path = Controllers;
			sourceTree = "<group>";
		};
		7871D470246077E300C9D502 /* View Controller */ = {
			isa = PBXGroup;
			children = (
			);
			path = "View Controller";
			sourceTree = "<group>";
		};
		7871D471246077EB00C9D502 /* Model Controller */ = {
			isa = PBXGroup;
			children = (
				7871D47E246081CD00C9D502 /* StateController.swift */,
			);
			path = "Model Controller";
			sourceTree = "<group>";
		};
		7871D4732460787000C9D502 /* Helpers */ = {
			isa = PBXGroup;
			children = (
				7871D47C246080C500C9D502 /* StateHelper.swift */,
			);
			path = Helpers;
			sourceTree = "<group>";
		};
/* End PBXGroup section */

/* Begin PBXNativeTarget section */
		7871D454246077A900C9D502 /* StateFlagsSwift */ = {
			isa = PBXNativeTarget;
			buildConfigurationList = 7871D469246077AA00C9D502 /* Build configuration list for PBXNativeTarget "StateFlagsSwift" */;
			buildPhases = (
				7871D451246077A900C9D502 /* Sources */,
				7871D452246077A900C9D502 /* Frameworks */,
				7871D453246077A900C9D502 /* Resources */,
			);
			buildRules = (
			);
			dependencies = (
			);
			name = StateFlagsSwift;
			productName = StateFlagsSwift;
			productReference = 7871D455246077A900C9D502 /* StateFlagsSwift.app */;
			productType = "com.apple.product-type.application";
		};
/* End PBXNativeTarget section */

/* Begin PBXProject section */
		7871D44D246077A900C9D502 /* Project object */ = {
			isa = PBXProject;
			attributes = {
				LastSwiftUpdateCheck = 1140;
				LastUpgradeCheck = 1140;
				ORGANIZATIONNAME = "Bryce Bradshaw";
				TargetAttributes = {
					7871D454246077A900C9D502 = {
						CreatedOnToolsVersion = 11.4.1;
					};
				};
			};
			buildConfigurationList = 7871D450246077A900C9D502 /* Build configuration list for PBXProject "StateFlagsSwift" */;
			compatibilityVersion = "Xcode 9.3";
			developmentRegion = en;
			hasScannedForEncodings = 0;
			knownRegions = (
				en,
				Base,
			);
			mainGroup = 7871D44C246077A900C9D502;
			productRefGroup = 7871D456246077A900C9D502 /* Products */;
			projectDirPath = "";
			projectRoot = "";
			targets = (
				7871D454246077A900C9D502 /* StateFlagsSwift */,
			);
		};
/* End PBXProject section */

/* Begin PBXResourcesBuildPhase section */
		7871D453246077A900C9D502 /* Resources */ = {
			isa = PBXResourcesBuildPhase;
			buildActionMask = 2147483647;
			files = (
				7871D465246077AA00C9D502 /* LaunchScreen.storyboard in Resources */,
				7871D462246077AA00C9D502 /* Assets.xcassets in Resources */,
				7871D460246077A900C9D502 /* Main.storyboard in Resources */,
			);
			runOnlyForDeploymentPostprocessing = 0;
		};
/* End PBXResourcesBuildPhase section */

/* Begin PBXSourcesBuildPhase section */
		7871D451246077A900C9D502 /* Sources */ = {
			isa = PBXSourcesBuildPhase;
			buildActionMask = 2147483647;
			files = (
				7871D459246077A900C9D502 /* AppDelegate.swift in Sources */,
				7871D47D246080C500C9D502 /* StateHelper.swift in Sources */,
				7871D45B246077A900C9D502 /* SceneDelegate.swift in Sources */,
				7871D47F246081CD00C9D502 /* StateController.swift in Sources */,
				7871D4782460798400C9D502 /* State.swift in Sources */,
			);
			runOnlyForDeploymentPostprocessing = 0;
		};
/* End PBXSourcesBuildPhase section */

/* Begin PBXVariantGroup section */
		7871D45E246077A900C9D502 /* Main.storyboard */ = {
			isa = PBXVariantGroup;
			children = (
				7871D45F246077A900C9D502 /* Base */,
			);
			name = Main.storyboard;
			sourceTree = "<group>";
		};
		7871D463246077AA00C9D502 /* LaunchScreen.storyboard */ = {
			isa = PBXVariantGroup;
			children = (
				7871D464246077AA00C9D502 /* Base */,
			);
			name = LaunchScreen.storyboard;
			sourceTree = "<group>";
		};
/* End PBXVariantGroup section */

/* Begin XCBuildConfiguration section */
		7871D467246077AA00C9D502 /* Debug */ = {
			isa = XCBuildConfiguration;
			buildSettings = {
				ALWAYS_SEARCH_USER_PATHS = NO;
				CLANG_ANALYZER_NONNULL = YES;
				CLANG_ANALYZER_NUMBER_OBJECT_CONVERSION = YES_AGGRESSIVE;
				CLANG_CXX_LANGUAGE_STANDARD = "gnu++14";
				CLANG_CXX_LIBRARY = "libc++";
				CLANG_ENABLE_MODULES = YES;
				CLANG_ENABLE_OBJC_ARC = YES;
				CLANG_ENABLE_OBJC_WEAK = YES;
				CLANG_WARN_BLOCK_CAPTURE_AUTORELEASING = YES;
				CLANG_WARN_BOOL_CONVERSION = YES;
				CLANG_WARN_COMMA = YES;
				CLANG_WARN_CONSTANT_CONVERSION = YES;
				CLANG_WARN_DEPRECATED_OBJC_IMPLEMENTATIONS = YES;
				CLANG_WARN_DIRECT_OBJC_ISA_USAGE = YES_ERROR;
				CLANG_WARN_DOCUMENTATION_COMMENTS = YES;
				CLANG_WARN_EMPTY_BODY = YES;
				CLANG_WARN_ENUM_CONVERSION = YES;
				CLANG_WARN_INFINITE_RECURSION = YES;
				CLANG_WARN_INT_CONVERSION = YES;
				CLANG_WARN_NON_LITERAL_NULL_CONVERSION = YES;
				CLANG_WARN_OBJC_IMPLICIT_RETAIN_SELF = YES;
				CLANG_WARN_OBJC_LITERAL_CONVERSION = YES;
				CLANG_WARN_OBJC_ROOT_CLASS = YES_ERROR;
				CLANG_WARN_RANGE_LOOP_ANALYSIS = YES;
				CLANG_WARN_STRICT_PROTOTYPES = YES;
				CLANG_WARN_SUSPICIOUS_MOVE = YES;
				CLANG_WARN_UNGUARDED_AVAILABILITY = YES_AGGRESSIVE;
				CLANG_WARN_UNREACHABLE_CODE = YES;
				CLANG_WARN__DUPLICATE_METHOD_MATCH = YES;
				COPY_PHASE_STRIP = NO;
				DEBUG_INFORMATION_FORMAT = dwarf;
				ENABLE_STRICT_OBJC_MSGSEND = YES;
				ENABLE_TESTABILITY = YES;
				GCC_C_LANGUAGE_STANDARD = gnu11;
				GCC_DYNAMIC_NO_PIC = NO;
				GCC_NO_COMMON_BLOCKS = YES;
				GCC_OPTIMIZATION_LEVEL = 0;
				GCC_PREPROCESSOR_DEFINITIONS = (
					"DEBUG=1",
					"$(inherited)",
				);
				GCC_WARN_64_TO_32_BIT_CONVERSION = YES;
				GCC_WARN_ABOUT_RETURN_TYPE = YES_ERROR;
				GCC_WARN_UNDECLARED_SELECTOR = YES;
				GCC_WARN_UNINITIALIZED_AUTOS = YES_AGGRESSIVE;
				GCC_WARN_UNUSED_FUNCTION = YES;
				GCC_WARN_UNUSED_VARIABLE = YES;
				IPHONEOS_DEPLOYMENT_TARGET = 13.4;
				MTL_ENABLE_DEBUG_INFO = INCLUDE_SOURCE;
				MTL_FAST_MATH = YES;
				ONLY_ACTIVE_ARCH = YES;
				SDKROOT = iphoneos;
				SWIFT_ACTIVE_COMPILATION_CONDITIONS = DEBUG;
				SWIFT_OPTIMIZATION_LEVEL = "-Onone";
			};
			name = Debug;
		};
		7871D468246077AA00C9D502 /* Release */ = {
			isa = XCBuildConfiguration;
			buildSettings = {
				ALWAYS_SEARCH_USER_PATHS = NO;
				CLANG_ANALYZER_NONNULL = YES;
				CLANG_ANALYZER_NUMBER_OBJECT_CONVERSION = YES_AGGRESSIVE;
				CLANG_CXX_LANGUAGE_STANDARD = "gnu++14";
				CLANG_CXX_LIBRARY = "libc++";
				CLANG_ENABLE_MODULES = YES;
				CLANG_ENABLE_OBJC_ARC = YES;
				CLANG_ENABLE_OBJC_WEAK = YES;
				CLANG_WARN_BLOCK_CAPTURE_AUTORELEASING = YES;
				CLANG_WARN_BOOL_CONVERSION = YES;
				CLANG_WARN_COMMA = YES;
				CLANG_WARN_CONSTANT_CONVERSION = YES;
				CLANG_WARN_DEPRECATED_OBJC_IMPLEMENTATIONS = YES;
				CLANG_WARN_DIRECT_OBJC_ISA_USAGE = YES_ERROR;
				CLANG_WARN_DOCUMENTATION_COMMENTS = YES;
				CLANG_WARN_EMPTY_BODY = YES;
				CLANG_WARN_ENUM_CONVERSION = YES;
				CLANG_WARN_INFINITE_RECURSION = YES;
				CLANG_WARN_INT_CONVERSION = YES;
				CLANG_WARN_NON_LITERAL_NULL_CONVERSION = YES;
				CLANG_WARN_OBJC_IMPLICIT_RETAIN_SELF = YES;
				CLANG_WARN_OBJC_LITERAL_CONVERSION = YES;
				CLANG_WARN_OBJC_ROOT_CLASS = YES_ERROR;
				CLANG_WARN_RANGE_LOOP_ANALYSIS = YES;
				CLANG_WARN_STRICT_PROTOTYPES = YES;
				CLANG_WARN_SUSPICIOUS_MOVE = YES;
				CLANG_WARN_UNGUARDED_AVAILABILITY = YES_AGGRESSIVE;
				CLANG_WARN_UNREACHABLE_CODE = YES;
				CLANG_WARN__DUPLICATE_METHOD_MATCH = YES;
				COPY_PHASE_STRIP = NO;
				DEBUG_INFORMATION_FORMAT = "dwarf-with-dsym";
				ENABLE_NS_ASSERTIONS = NO;
				ENABLE_STRICT_OBJC_MSGSEND = YES;
				GCC_C_LANGUAGE_STANDARD = gnu11;
				GCC_NO_COMMON_BLOCKS = YES;
				GCC_WARN_64_TO_32_BIT_CONVERSION = YES;
				GCC_WARN_ABOUT_RETURN_TYPE = YES_ERROR;
				GCC_WARN_UNDECLARED_SELECTOR = YES;
				GCC_WARN_UNINITIALIZED_AUTOS = YES_AGGRESSIVE;
				GCC_WARN_UNUSED_FUNCTION = YES;
				GCC_WARN_UNUSED_VARIABLE = YES;
				IPHONEOS_DEPLOYMENT_TARGET = 13.4;
				MTL_ENABLE_DEBUG_INFO = NO;
				MTL_FAST_MATH = YES;
				SDKROOT = iphoneos;
				SWIFT_COMPILATION_MODE = wholemodule;
				SWIFT_OPTIMIZATION_LEVEL = "-O";
				VALIDATE_PRODUCT = YES;
			};
			name = Release;
		};
		7871D46A246077AA00C9D502 /* Debug */ = {
			isa = XCBuildConfiguration;
			buildSettings = {
				ASSETCATALOG_COMPILER_APPICON_NAME = AppIcon;
				CODE_SIGN_STYLE = Automatic;
				INFOPLIST_FILE = StateFlagsSwift/Resources/Info.plist;
				LD_RUNPATH_SEARCH_PATHS = (
					"$(inherited)",
					"@executable_path/Frameworks",
				);
				PRODUCT_BUNDLE_IDENTIFIER = com.WBB.StateFlagsSwift;
				PRODUCT_NAME = "$(TARGET_NAME)";
				SWIFT_VERSION = 5.0;
				TARGETED_DEVICE_FAMILY = "1,2";
			};
			name = Debug;
		};
		7871D46B246077AA00C9D502 /* Release */ = {
			isa = XCBuildConfiguration;
			buildSettings = {
				ASSETCATALOG_COMPILER_APPICON_NAME = AppIcon;
				CODE_SIGN_STYLE = Automatic;
				INFOPLIST_FILE = StateFlagsSwift/Resources/Info.plist;
				LD_RUNPATH_SEARCH_PATHS = (
					"$(inherited)",
					"@executable_path/Frameworks",
				);
				PRODUCT_BUNDLE_IDENTIFIER = com.WBB.StateFlagsSwift;
				PRODUCT_NAME = "$(TARGET_NAME)";
				SWIFT_VERSION = 5.0;
				TARGETED_DEVICE_FAMILY = "1,2";
			};
			name = Release;
		};
/* End XCBuildConfiguration section */

/* Begin XCConfigurationList section */
		7871D450246077A900C9D502 /* Build configuration list for PBXProject "StateFlagsSwift" */ = {
			isa = XCConfigurationList;
			buildConfigurations = (
				7871D467246077AA00C9D502 /* Debug */,
				7871D468246077AA00C9D502 /* Release */,
			);
			defaultConfigurationIsVisible = 0;
			defaultConfigurationName = Release;
		};
		7871D469246077AA00C9D502 /* Build configuration list for PBXNativeTarget "StateFlagsSwift" */ = {
			isa = XCConfigurationList;
			buildConfigurations = (
				7871D46A246077AA00C9D502 /* Debug */,
				7871D46B246077AA00C9D502 /* Release */,
			);
			defaultConfigurationIsVisible = 0;
			defaultConfigurationName = Release;
		};
/* End XCConfigurationList section */
	};
	rootObject = 7871D44D246077A900C9D502 /* Project object */;
}
